
Microsoft Visual Studio Solution File, Format Version 12.00
# Visual Studio 15
VisualStudioVersion = 15.0.27703.2047
MinimumVisualStudioVersion = 10.0.40219.1
Project("{8BC9CEB8-8B4A-11D0-8D11-00A0C91BC942}") = "SDL_GraphicsKit", "SDL_GraphicsKit\SDL_GraphicsKit.vcxproj", "{F6853959-4C63-4E14-974E-87FE902D4747}"
EndProject
Global
	GlobalSection(SolutionConfigurationPlatforms) = preSolution
		Debug|x64 = Debug|x64
		Debug|x86 = Debug|x86
		Release|x64 = Release|x64
		Release|x86 = Release|x86
	EndGlobalSection
	GlobalSection(ProjectConfigurationPlatforms) = postSolution
		{F6853959-4C63-4E14-974E-87FE902D4747}.Debug|x64.ActiveCfg = Debug|x64
		{F6853959-4C63-4E14-974E-87FE902D4747}.Debug|x64.Build.0 = Debug|x64
		{F6853959-4C63-4E14-974E-87FE902D4747}.Debug|x86.ActiveCfg = Debug|Win32
		{F6853959-4C63-4E14-974E-87FE902D4747}.Debug|x86.Build.0 = Debug|Win32
		{F6853959-4C63-4E14-974E-87FE902D4747}.Release|x64.ActiveCfg = Release|x64
		{F6853959-4C63-4E14-974E-87FE902D4747}.Release|x64.Build.0 = Release|x64
		{F6853959-4C63-4E14-974E-87FE902D4747}.Release|x86.ActiveCfg = Release|Win32
		{F6853959-4C63-4E14-974E-87FE902D4747}.Release|x86.Build.0 = Release|Win32
	EndGlobalSection
	GlobalSection(SolutionProperties) = preSolution
		HideSolutionNode = FALSE
	EndGlobalSection
	GlobalSection(ExtensibilityGlobals) = postSolution
		SolutionGuid = {FB1B1067-9A08-4055-97F2-CC567F494E6F}
	EndGlobalSection
EndGlobal
